
Microsoft Visual Studio Solution File, Format Version 12.00
# Visual Studio Version 17
VisualStudioVersion = 17.0.31903.59
MinimumVisualStudioVersion = 10.0.40219.1
Project("{FAE04EC0-301F-11D3-BF4B-00C04F79EFBC}") = "NewCI", "NewCI\NewCI.csproj", "{58053F86-D657-4653-9E2F-F704B2A7F986}"
EndProject
Project("{FAE04EC0-301F-11D3-BF4B-00C04F79EFBC}") = "NewCI.Business", "NewCI.Business\NewCI.Business.csproj", "{9B619AFD-45FA-4C5C-9D89-FC11850603F8}"
EndProject
Project("{FAE04EC0-301F-11D3-BF4B-00C04F79EFBC}") = "NewCI.Interfaces", "NewCI.Interfaces\NewCI.Interfaces.csproj", "{63AB047E-0D1E-497E-AFE2-B8E48BE4EA91}"
EndProject
Project("{FAE04EC0-301F-11D3-BF4B-00C04F79EFBC}") = "NewCI.Repositories", "NewCI.Repositories\NewCI.Repositories.csproj", "{4B509EDB-7245-4060-B0B2-FE50FD86ECFC}"
EndProject
Project("{FAE04EC0-301F-11D3-BF4B-00C04F79EFBC}") = "NewCI.Entities", "NewCI.Entities\NewCI.Entities.csproj", "{44339640-6D70-44A0-8552-6FB87CF222CC}"
EndProject
Global
	GlobalSection(SolutionConfigurationPlatforms) = preSolution
		Debug|Any CPU = Debug|Any CPU
		Release|Any CPU = Release|Any CPU
	EndGlobalSection
	GlobalSection(ProjectConfigurationPlatforms) = postSolution
		{58053F86-D657-4653-9E2F-F704B2A7F986}.Debug|Any CPU.ActiveCfg = Debug|Any CPU
		{58053F86-D657-4653-9E2F-F704B2A7F986}.Debug|Any CPU.Build.0 = Debug|Any CPU
		{58053F86-D657-4653-9E2F-F704B2A7F986}.Release|Any CPU.ActiveCfg = Release|Any CPU
		{58053F86-D657-4653-9E2F-F704B2A7F986}.Release|Any CPU.Build.0 = Release|Any CPU
		{9B619AFD-45FA-4C5C-9D89-FC11850603F8}.Debug|Any CPU.ActiveCfg = Debug|Any CPU
		{9B619AFD-45FA-4C5C-9D89-FC11850603F8}.Debug|Any CPU.Build.0 = Debug|Any CPU
		{9B619AFD-45FA-4C5C-9D89-FC11850603F8}.Release|Any CPU.ActiveCfg = Release|Any CPU
		{9B619AFD-45FA-4C5C-9D89-FC11850603F8}.Release|Any CPU.Build.0 = Release|Any CPU
		{63AB047E-0D1E-497E-AFE2-B8E48BE4EA91}.Debug|Any CPU.ActiveCfg = Debug|Any CPU
		{63AB047E-0D1E-497E-AFE2-B8E48BE4EA91}.Debug|Any CPU.Build.0 = Debug|Any CPU
		{63AB047E-0D1E-497E-AFE2-B8E48BE4EA91}.Release|Any CPU.ActiveCfg = Release|Any CPU
		{63AB047E-0D1E-497E-AFE2-B8E48BE4EA91}.Release|Any CPU.Build.0 = Release|Any CPU
		{4B509EDB-7245-4060-B0B2-FE50FD86ECFC}.Debug|Any CPU.ActiveCfg = Debug|Any CPU
		{4B509EDB-7245-4060-B0B2-FE50FD86ECFC}.Debug|Any CPU.Build.0 = Debug|Any CPU
		{4B509EDB-7245-4060-B0B2-FE50FD86ECFC}.Release|Any CPU.ActiveCfg = Release|Any CPU
		{4B509EDB-7245-4060-B0B2-FE50FD86ECFC}.Release|Any CPU.Build.0 = Release|Any CPU
		{44339640-6D70-44A0-8552-6FB87CF222CC}.Debug|Any CPU.ActiveCfg = Debug|Any CPU
		{44339640-6D70-44A0-8552-6FB87CF222CC}.Debug|Any CPU.Build.0 = Debug|Any CPU
		{44339640-6D70-44A0-8552-6FB87CF222CC}.Release|Any CPU.ActiveCfg = Release|Any CPU
		{44339640-6D70-44A0-8552-6FB87CF222CC}.Release|Any CPU.Build.0 = Release|Any CPU
	EndGlobalSection
	GlobalSection(SolutionProperties) = preSolution
		HideSolutionNode = FALSE
	EndGlobalSection
	GlobalSection(ExtensibilityGlobals) = postSolution
		SolutionGuid = {C50FCC91-D934-4303-93A7-B9A7A7090FBA}
	EndGlobalSection
EndGlobal
